
Microsoft Visual Studio Solution File, Format Version 12.00
# Visual Studio Version 17
VisualStudioVersion = 17.6.33712.159
MinimumVisualStudioVersion = 10.0.40219.1
Project("{9A19103F-16F7-4668-BE54-9A1E7A4F7556}") = "RepairRequestBL", "RepeirRequestBL\RepairRequestBL.csproj", "{E97D25ED-577C-4A09-9BBD-03904C13A19E}"
EndProject
Project("{9A19103F-16F7-4668-BE54-9A1E7A4F7556}") = "RepairRequestWEB", "RepeirRequestWEB\RepairRequestWEB.csproj", "{018F756C-3CBB-4E81-83F1-C2D7A42FAF90}"
EndProject
Project("{FAE04EC0-301F-11D3-BF4B-00C04F79EFBC}") = "RepairRequestDB", "RepairRequestDB\RepairRequestDB.csproj", "{4B2B89B0-076D-4EB0-8E63-DDBC406A4A94}"
EndProject
Global
	GlobalSection(SolutionConfigurationPlatforms) = preSolution
		Debug|Any CPU = Debug|Any CPU
		Release|Any CPU = Release|Any CPU
	EndGlobalSection
	GlobalSection(ProjectConfigurationPlatforms) = postSolution
		{E97D25ED-577C-4A09-9BBD-03904C13A19E}.Debug|Any CPU.ActiveCfg = Debug|Any CPU
		{E97D25ED-577C-4A09-9BBD-03904C13A19E}.Debug|Any CPU.Build.0 = Debug|Any CPU
		{E97D25ED-577C-4A09-9BBD-03904C13A19E}.Release|Any CPU.ActiveCfg = Release|Any CPU
		{E97D25ED-577C-4A09-9BBD-03904C13A19E}.Release|Any CPU.Build.0 = Release|Any CPU
		{018F756C-3CBB-4E81-83F1-C2D7A42FAF90}.Debug|Any CPU.ActiveCfg = Debug|Any CPU
		{018F756C-3CBB-4E81-83F1-C2D7A42FAF90}.Debug|Any CPU.Build.0 = Debug|Any CPU
		{018F756C-3CBB-4E81-83F1-C2D7A42FAF90}.Release|Any CPU.ActiveCfg = Release|Any CPU
		{018F756C-3CBB-4E81-83F1-C2D7A42FAF90}.Release|Any CPU.Build.0 = Release|Any CPU
		{4B2B89B0-076D-4EB0-8E63-DDBC406A4A94}.Debug|Any CPU.ActiveCfg = Debug|Any CPU
		{4B2B89B0-076D-4EB0-8E63-DDBC406A4A94}.Debug|Any CPU.Build.0 = Debug|Any CPU
		{4B2B89B0-076D-4EB0-8E63-DDBC406A4A94}.Release|Any CPU.ActiveCfg = Release|Any CPU
		{4B2B89B0-076D-4EB0-8E63-DDBC406A4A94}.Release|Any CPU.Build.0 = Release|Any CPU
	EndGlobalSection
	GlobalSection(SolutionProperties) = preSolution
		HideSolutionNode = FALSE
	EndGlobalSection
	GlobalSection(ExtensibilityGlobals) = postSolution
		SolutionGuid = {E788F280-CC2B-410E-8EC9-4F3E50C7CFA7}
	EndGlobalSection
EndGlobal
