
Microsoft Visual Studio Solution File, Format Version 12.00
# Visual Studio Version 17
VisualStudioVersion = 17.6.33712.159
MinimumVisualStudioVersion = 10.0.40219.1
Project("{9A19103F-16F7-4668-BE54-9A1E7A4F7556}") = "TestProduct", "TestProduct\TestProduct.csproj", "{8DC7AB5D-7E25-4270-8859-3F2C0108F3A1}"
EndProject
Project("{9A19103F-16F7-4668-BE54-9A1E7A4F7556}") = "TestConsole", "TestConsole\TestConsole.csproj", "{BC973D83-C161-4C4B-A5FE-BBB0309677BB}"
EndProject
Project("{2150E333-8FDC-42A3-9474-1A3956D46DE8}") = "Решение1", "Решение1", "{36EEBF44-5EBC-4FFE-8338-F1998CD34000}"
EndProject
Project("{FAE04EC0-301F-11D3-BF4B-00C04F79EFBC}") = "ClassLibrary1", "ClassLibrary1\ClassLibrary1.csproj", "{884F3516-9B2B-4FD6-BF2F-72E19153F98E}"
EndProject
Global
	GlobalSection(SolutionConfigurationPlatforms) = preSolution
		Debug|Any CPU = Debug|Any CPU
		Release|Any CPU = Release|Any CPU
	EndGlobalSection
	GlobalSection(ProjectConfigurationPlatforms) = postSolution
		{8DC7AB5D-7E25-4270-8859-3F2C0108F3A1}.Debug|Any CPU.ActiveCfg = Debug|Any CPU
		{8DC7AB5D-7E25-4270-8859-3F2C0108F3A1}.Debug|Any CPU.Build.0 = Debug|Any CPU
		{8DC7AB5D-7E25-4270-8859-3F2C0108F3A1}.Release|Any CPU.ActiveCfg = Release|Any CPU
		{8DC7AB5D-7E25-4270-8859-3F2C0108F3A1}.Release|Any CPU.Build.0 = Release|Any CPU
		{BC973D83-C161-4C4B-A5FE-BBB0309677BB}.Debug|Any CPU.ActiveCfg = Debug|Any CPU
		{BC973D83-C161-4C4B-A5FE-BBB0309677BB}.Debug|Any CPU.Build.0 = Debug|Any CPU
		{BC973D83-C161-4C4B-A5FE-BBB0309677BB}.Release|Any CPU.ActiveCfg = Release|Any CPU
		{BC973D83-C161-4C4B-A5FE-BBB0309677BB}.Release|Any CPU.Build.0 = Release|Any CPU
		{884F3516-9B2B-4FD6-BF2F-72E19153F98E}.Debug|Any CPU.ActiveCfg = Debug|Any CPU
		{884F3516-9B2B-4FD6-BF2F-72E19153F98E}.Debug|Any CPU.Build.0 = Debug|Any CPU
		{884F3516-9B2B-4FD6-BF2F-72E19153F98E}.Release|Any CPU.ActiveCfg = Release|Any CPU
		{884F3516-9B2B-4FD6-BF2F-72E19153F98E}.Release|Any CPU.Build.0 = Release|Any CPU
	EndGlobalSection
	GlobalSection(SolutionProperties) = preSolution
		HideSolutionNode = FALSE
	EndGlobalSection
	GlobalSection(NestedProjects) = preSolution
		{884F3516-9B2B-4FD6-BF2F-72E19153F98E} = {36EEBF44-5EBC-4FFE-8338-F1998CD34000}
	EndGlobalSection
	GlobalSection(ExtensibilityGlobals) = postSolution
		SolutionGuid = {E788F280-CC2B-410E-8EC9-4F3E50C7CFA7}
	EndGlobalSection
EndGlobal
